
Microsoft Visual Studio Solution File, Format Version 12.00
# Visual Studio Version 16
VisualStudioVersion = 16.0.30711.63
MinimumVisualStudioVersion = 10.0.40219.1
Project("{8BC9CEB8-8B4A-11D0-8D11-00A0C91BC942}") = "IndeedGUI", "IndeedGUI.vcxproj", "{2A5CA9D1-104B-41E8-8923-BCEAF62C25F2}"
EndProject
Project("{9A19103F-16F7-4668-BE54-9A1E7A4F7556}") = "IndeedJobMarketAnalyzer", "..\IndeedJobMarketAnalyzer\IndeedJobMarketAnalyzer.csproj", "{6FBEA1CA-F8EE-4F34-9D4F-7BE978AA3BCD}"
	ProjectSection(ProjectDependencies) = postProject
		{2A5CA9D1-104B-41E8-8923-BCEAF62C25F2} = {2A5CA9D1-104B-41E8-8923-BCEAF62C25F2}
	EndProjectSection
EndProject
Global
	GlobalSection(SolutionConfigurationPlatforms) = preSolution
		Debug|Any CPU = Debug|Any CPU
		Debug|x86 = Debug|x86
		Release|Any CPU = Release|Any CPU
		Release|x86 = Release|x86
	EndGlobalSection
	GlobalSection(ProjectConfigurationPlatforms) = postSolution
		{2A5CA9D1-104B-41E8-8923-BCEAF62C25F2}.Debug|Any CPU.ActiveCfg = Debug|Win32
		{2A5CA9D1-104B-41E8-8923-BCEAF62C25F2}.Debug|x86.ActiveCfg = Debug|Win32
		{2A5CA9D1-104B-41E8-8923-BCEAF62C25F2}.Debug|x86.Build.0 = Debug|Win32
		{2A5CA9D1-104B-41E8-8923-BCEAF62C25F2}.Release|Any CPU.ActiveCfg = Release|Win32
		{2A5CA9D1-104B-41E8-8923-BCEAF62C25F2}.Release|x86.ActiveCfg = Release|Win32
		{2A5CA9D1-104B-41E8-8923-BCEAF62C25F2}.Release|x86.Build.0 = Release|Win32
		{6FBEA1CA-F8EE-4F34-9D4F-7BE978AA3BCD}.Debug|Any CPU.ActiveCfg = Debug|Any CPU
		{6FBEA1CA-F8EE-4F34-9D4F-7BE978AA3BCD}.Debug|Any CPU.Build.0 = Debug|Any CPU
		{6FBEA1CA-F8EE-4F34-9D4F-7BE978AA3BCD}.Debug|x86.ActiveCfg = Debug|Any CPU
		{6FBEA1CA-F8EE-4F34-9D4F-7BE978AA3BCD}.Debug|x86.Build.0 = Debug|Any CPU
		{6FBEA1CA-F8EE-4F34-9D4F-7BE978AA3BCD}.Release|Any CPU.ActiveCfg = Release|Any CPU
		{6FBEA1CA-F8EE-4F34-9D4F-7BE978AA3BCD}.Release|Any CPU.Build.0 = Release|Any CPU
		{6FBEA1CA-F8EE-4F34-9D4F-7BE978AA3BCD}.Release|x86.ActiveCfg = Release|Any CPU
		{6FBEA1CA-F8EE-4F34-9D4F-7BE978AA3BCD}.Release|x86.Build.0 = Release|Any CPU
	EndGlobalSection
	GlobalSection(SolutionProperties) = preSolution
		HideSolutionNode = FALSE
	EndGlobalSection
	GlobalSection(ExtensibilityGlobals) = postSolution
		SolutionGuid = {B49E5460-530E-44BC-82F6-ABD0D303FF38}
	EndGlobalSection
EndGlobal
